# THIS IS AN AUTOGENERATED FILE. DO NOT EDIT THIS FILE DIRECTLY.
# yarn lockfile v1


"@types/lodash-es@^4.17.0":
  version "4.17.0"
  resolved "https://registry.yarnpkg.com/@types/lodash-es/-/lodash-es-4.17.0.tgz#ed9044d62ee36a93e0650b112701986b1c74c766"
  dependencies:
    "@types/lodash" "*"

"@types/lodash@*":
  version "4.14.106"
  resolved "https://registry.yarnpkg.com/@types/lodash/-/lodash-4.14.106.tgz#6093e9a02aa567ddecfe9afadca89e53e5dce4dd"

"@types/qs@^6.5.1":
  version "6.5.1"
  resolved "https://registry.yarnpkg.com/@types/qs/-/qs-6.5.1.tgz#a38f69c62528d56ba7bd1f91335a8004988d72f7"

lodash-es@^4.17.8:
  version "4.17.8"
  resolved "https://registry.yarnpkg.com/lodash-es/-/lodash-es-4.17.8.tgz#6fa8c8c5d337481df0bdf1c0d899d42473121e45"

qs@^6.5.1:
  version "6.5.1"
  resolved "https://registry.yarnpkg.com/qs/-/qs-6.5.1.tgz#349cdf6eef89ec45c12d7d5eb3fc0c870343a6d8"
